
Microsoft Visual Studio Solution File, Format Version 12.00
# Visual Studio Version 16
VisualStudioVersion = 16.0.28803.202
MinimumVisualStudioVersion = 10.0.40219.1
Project("{9A19103F-16F7-4668-BE54-9A1E7A4F7556}") = "WURequest", "WURequest\WURequest.csproj", "{E71C126A-A33B-453C-916C-D0AF8889FF51}"
EndProject
Project("{9A19103F-16F7-4668-BE54-9A1E7A4F7556}") = "WUCharts", "WUCharts\WUCharts.csproj", "{7BD4AD30-00D2-4121-953F-D1C48CFF6FDE}"
EndProject
Project("{FAE04EC0-301F-11D3-BF4B-00C04F79EFBC}") = "WUTests", "WUTests\WUTests.csproj", "{80E0CC95-CA2D-4E0D-887B-802C6E30A1A9}"
EndProject
Global
	GlobalSection(SolutionConfigurationPlatforms) = preSolution
		Debug|Any CPU = Debug|Any CPU
		Debug|x64 = Debug|x64
		Debug|x86 = Debug|x86
		Development|Any CPU = Development|Any CPU
		Development|x64 = Development|x64
		Development|x86 = Development|x86
		Production|Any CPU = Production|Any CPU
		Production|x64 = Production|x64
		Production|x86 = Production|x86
		Release|Any CPU = Release|Any CPU
		Release|x64 = Release|x64
		Release|x86 = Release|x86
	EndGlobalSection
	GlobalSection(ProjectConfigurationPlatforms) = postSolution
		{E71C126A-A33B-453C-916C-D0AF8889FF51}.Debug|Any CPU.ActiveCfg = Debug|Any CPU
		{E71C126A-A33B-453C-916C-D0AF8889FF51}.Debug|Any CPU.Build.0 = Debug|Any CPU
		{E71C126A-A33B-453C-916C-D0AF8889FF51}.Debug|x64.ActiveCfg = Debug|Any CPU
		{E71C126A-A33B-453C-916C-D0AF8889FF51}.Debug|x64.Build.0 = Debug|Any CPU
		{E71C126A-A33B-453C-916C-D0AF8889FF51}.Debug|x86.ActiveCfg = Debug|Any CPU
		{E71C126A-A33B-453C-916C-D0AF8889FF51}.Debug|x86.Build.0 = Debug|Any CPU
		{E71C126A-A33B-453C-916C-D0AF8889FF51}.Development|Any CPU.ActiveCfg = Debug|Any CPU
		{E71C126A-A33B-453C-916C-D0AF8889FF51}.Development|Any CPU.Build.0 = Debug|Any CPU
		{E71C126A-A33B-453C-916C-D0AF8889FF51}.Development|x64.ActiveCfg = Development|Any CPU
		{E71C126A-A33B-453C-916C-D0AF8889FF51}.Development|x64.Build.0 = Development|Any CPU
		{E71C126A-A33B-453C-916C-D0AF8889FF51}.Development|x86.ActiveCfg = Development|Any CPU
		{E71C126A-A33B-453C-916C-D0AF8889FF51}.Development|x86.Build.0 = Development|Any CPU
		{E71C126A-A33B-453C-916C-D0AF8889FF51}.Production|Any CPU.ActiveCfg = Release|Any CPU
		{E71C126A-A33B-453C-916C-D0AF8889FF51}.Production|Any CPU.Build.0 = Release|Any CPU
		{E71C126A-A33B-453C-916C-D0AF8889FF51}.Production|x64.ActiveCfg = Production|Any CPU
		{E71C126A-A33B-453C-916C-D0AF8889FF51}.Production|x64.Build.0 = Production|Any CPU
		{E71C126A-A33B-453C-916C-D0AF8889FF51}.Production|x86.ActiveCfg = Production|Any CPU
		{E71C126A-A33B-453C-916C-D0AF8889FF51}.Production|x86.Build.0 = Production|Any CPU
		{E71C126A-A33B-453C-916C-D0AF8889FF51}.Release|Any CPU.ActiveCfg = Release|Any CPU
		{E71C126A-A33B-453C-916C-D0AF8889FF51}.Release|Any CPU.Build.0 = Release|Any CPU
		{E71C126A-A33B-453C-916C-D0AF8889FF51}.Release|x64.ActiveCfg = Release|Any CPU
		{E71C126A-A33B-453C-916C-D0AF8889FF51}.Release|x64.Build.0 = Release|Any CPU
		{E71C126A-A33B-453C-916C-D0AF8889FF51}.Release|x86.ActiveCfg = Release|Any CPU
		{E71C126A-A33B-453C-916C-D0AF8889FF51}.Release|x86.Build.0 = Release|Any CPU
		{7BD4AD30-00D2-4121-953F-D1C48CFF6FDE}.Debug|Any CPU.ActiveCfg = Debug|Any CPU
		{7BD4AD30-00D2-4121-953F-D1C48CFF6FDE}.Debug|Any CPU.Build.0 = Debug|Any CPU
		{7BD4AD30-00D2-4121-953F-D1C48CFF6FDE}.Debug|x64.ActiveCfg = Debug|Any CPU
		{7BD4AD30-00D2-4121-953F-D1C48CFF6FDE}.Debug|x64.Build.0 = Debug|Any CPU
		{7BD4AD30-00D2-4121-953F-D1C48CFF6FDE}.Debug|x86.ActiveCfg = Debug|Any CPU
		{7BD4AD30-00D2-4121-953F-D1C48CFF6FDE}.Debug|x86.Build.0 = Debug|Any CPU
		{7BD4AD30-00D2-4121-953F-D1C48CFF6FDE}.Development|Any CPU.ActiveCfg = Debug|Any CPU
		{7BD4AD30-00D2-4121-953F-D1C48CFF6FDE}.Development|Any CPU.Build.0 = Debug|Any CPU
		{7BD4AD30-00D2-4121-953F-D1C48CFF6FDE}.Development|x64.ActiveCfg = Development|Any CPU
		{7BD4AD30-00D2-4121-953F-D1C48CFF6FDE}.Development|x64.Build.0 = Development|Any CPU
		{7BD4AD30-00D2-4121-953F-D1C48CFF6FDE}.Development|x86.ActiveCfg = Development|Any CPU
		{7BD4AD30-00D2-4121-953F-D1C48CFF6FDE}.Development|x86.Build.0 = Development|Any CPU
		{7BD4AD30-00D2-4121-953F-D1C48CFF6FDE}.Production|Any CPU.ActiveCfg = Release|Any CPU
		{7BD4AD30-00D2-4121-953F-D1C48CFF6FDE}.Production|Any CPU.Build.0 = Release|Any CPU
		{7BD4AD30-00D2-4121-953F-D1C48CFF6FDE}.Production|x64.ActiveCfg = Production|Any CPU
		{7BD4AD30-00D2-4121-953F-D1C48CFF6FDE}.Production|x64.Build.0 = Production|Any CPU
		{7BD4AD30-00D2-4121-953F-D1C48CFF6FDE}.Production|x86.ActiveCfg = Production|Any CPU
		{7BD4AD30-00D2-4121-953F-D1C48CFF6FDE}.Production|x86.Build.0 = Production|Any CPU
		{7BD4AD30-00D2-4121-953F-D1C48CFF6FDE}.Release|Any CPU.ActiveCfg = Release|Any CPU
		{7BD4AD30-00D2-4121-953F-D1C48CFF6FDE}.Release|Any CPU.Build.0 = Release|Any CPU
		{7BD4AD30-00D2-4121-953F-D1C48CFF6FDE}.Release|x64.ActiveCfg = Release|Any CPU
		{7BD4AD30-00D2-4121-953F-D1C48CFF6FDE}.Release|x64.Build.0 = Release|Any CPU
		{7BD4AD30-00D2-4121-953F-D1C48CFF6FDE}.Release|x86.ActiveCfg = Release|Any CPU
		{7BD4AD30-00D2-4121-953F-D1C48CFF6FDE}.Release|x86.Build.0 = Release|Any CPU
		{80E0CC95-CA2D-4E0D-887B-802C6E30A1A9}.Debug|Any CPU.ActiveCfg = Debug|Any CPU
		{80E0CC95-CA2D-4E0D-887B-802C6E30A1A9}.Debug|Any CPU.Build.0 = Debug|Any CPU
		{80E0CC95-CA2D-4E0D-887B-802C6E30A1A9}.Debug|x64.ActiveCfg = Debug|Any CPU
		{80E0CC95-CA2D-4E0D-887B-802C6E30A1A9}.Debug|x64.Build.0 = Debug|Any CPU
		{80E0CC95-CA2D-4E0D-887B-802C6E30A1A9}.Debug|x86.ActiveCfg = Debug|Any CPU
		{80E0CC95-CA2D-4E0D-887B-802C6E30A1A9}.Debug|x86.Build.0 = Debug|Any CPU
		{80E0CC95-CA2D-4E0D-887B-802C6E30A1A9}.Development|Any CPU.ActiveCfg = Debug|Any CPU
		{80E0CC95-CA2D-4E0D-887B-802C6E30A1A9}.Development|Any CPU.Build.0 = Debug|Any CPU
		{80E0CC95-CA2D-4E0D-887B-802C6E30A1A9}.Development|x64.ActiveCfg = Debug|Any CPU
		{80E0CC95-CA2D-4E0D-887B-802C6E30A1A9}.Development|x64.Build.0 = Debug|Any CPU
		{80E0CC95-CA2D-4E0D-887B-802C6E30A1A9}.Development|x86.ActiveCfg = Debug|Any CPU
		{80E0CC95-CA2D-4E0D-887B-802C6E30A1A9}.Development|x86.Build.0 = Debug|Any CPU
		{80E0CC95-CA2D-4E0D-887B-802C6E30A1A9}.Production|Any CPU.ActiveCfg = Debug|Any CPU
		{80E0CC95-CA2D-4E0D-887B-802C6E30A1A9}.Production|Any CPU.Build.0 = Debug|Any CPU
		{80E0CC95-CA2D-4E0D-887B-802C6E30A1A9}.Production|x64.ActiveCfg = Debug|Any CPU
		{80E0CC95-CA2D-4E0D-887B-802C6E30A1A9}.Production|x64.Build.0 = Debug|Any CPU
		{80E0CC95-CA2D-4E0D-887B-802C6E30A1A9}.Production|x86.ActiveCfg = Debug|Any CPU
		{80E0CC95-CA2D-4E0D-887B-802C6E30A1A9}.Production|x86.Build.0 = Debug|Any CPU
		{80E0CC95-CA2D-4E0D-887B-802C6E30A1A9}.Release|Any CPU.ActiveCfg = Release|Any CPU
		{80E0CC95-CA2D-4E0D-887B-802C6E30A1A9}.Release|Any CPU.Build.0 = Release|Any CPU
		{80E0CC95-CA2D-4E0D-887B-802C6E30A1A9}.Release|x64.ActiveCfg = Release|Any CPU
		{80E0CC95-CA2D-4E0D-887B-802C6E30A1A9}.Release|x64.Build.0 = Release|Any CPU
		{80E0CC95-CA2D-4E0D-887B-802C6E30A1A9}.Release|x86.ActiveCfg = Release|Any CPU
		{80E0CC95-CA2D-4E0D-887B-802C6E30A1A9}.Release|x86.Build.0 = Release|Any CPU
	EndGlobalSection
	GlobalSection(SolutionProperties) = preSolution
		HideSolutionNode = FALSE
	EndGlobalSection
	GlobalSection(ExtensibilityGlobals) = postSolution
		SolutionGuid = {DF7DD8D8-EC75-4B4D-886C-23C9C7580EFA}
	EndGlobalSection
EndGlobal
